
Microsoft Visual Studio Solution File, Format Version 12.00
# Visual Studio Version 16
VisualStudioVersion = 16.0.31321.278
MinimumVisualStudioVersion = 10.0.40219.1
Project("{FAE04EC0-301F-11D3-BF4B-00C04F79EFBC}") = "MvcExamenAzure1APE", "MvcExamenAzure1APE\MvcExamenAzure1APE.csproj", "{49B9633A-97F5-4DC3-94E3-6126CD5C107A}"
EndProject
Global
	GlobalSection(SolutionConfigurationPlatforms) = preSolution
		Debug|Any CPU = Debug|Any CPU
		Release|Any CPU = Release|Any CPU
	EndGlobalSection
	GlobalSection(ProjectConfigurationPlatforms) = postSolution
		{49B9633A-97F5-4DC3-94E3-6126CD5C107A}.Debug|Any CPU.ActiveCfg = Debug|Any CPU
		{49B9633A-97F5-4DC3-94E3-6126CD5C107A}.Debug|Any CPU.Build.0 = Debug|Any CPU
		{49B9633A-97F5-4DC3-94E3-6126CD5C107A}.Release|Any CPU.ActiveCfg = Release|Any CPU
		{49B9633A-97F5-4DC3-94E3-6126CD5C107A}.Release|Any CPU.Build.0 = Release|Any CPU
	EndGlobalSection
	GlobalSection(SolutionProperties) = preSolution
		HideSolutionNode = FALSE
	EndGlobalSection
	GlobalSection(ExtensibilityGlobals) = postSolution
		SolutionGuid = {C2C29752-A6E4-408F-9778-188DEEC2F5A8}
	EndGlobalSection
EndGlobal
